
Microsoft Visual Studio Solution File, Format Version 12.00
# Visual Studio Version 16
VisualStudioVersion = 16.0.31613.86
MinimumVisualStudioVersion = 10.0.40219.1
Project("{FAE04EC0-301F-11D3-BF4B-00C04F79EFBC}") = "Senai.Rental.WebApi", "Senai.Rental.WebApi\Senai.Rental.WebApi.csproj", "{836FB874-1FE2-4177-8CF7-028733FFD830}"
EndProject
Global
	GlobalSection(SolutionConfigurationPlatforms) = preSolution
		Debug|Any CPU = Debug|Any CPU
		Release|Any CPU = Release|Any CPU
	EndGlobalSection
	GlobalSection(ProjectConfigurationPlatforms) = postSolution
		{836FB874-1FE2-4177-8CF7-028733FFD830}.Debug|Any CPU.ActiveCfg = Debug|Any CPU
		{836FB874-1FE2-4177-8CF7-028733FFD830}.Debug|Any CPU.Build.0 = Debug|Any CPU
		{836FB874-1FE2-4177-8CF7-028733FFD830}.Release|Any CPU.ActiveCfg = Release|Any CPU
		{836FB874-1FE2-4177-8CF7-028733FFD830}.Release|Any CPU.Build.0 = Release|Any CPU
	EndGlobalSection
	GlobalSection(SolutionProperties) = preSolution
		HideSolutionNode = FALSE
	EndGlobalSection
	GlobalSection(ExtensibilityGlobals) = postSolution
		SolutionGuid = {679AA665-CBCB-432A-BF06-8A42128A9E34}
	EndGlobalSection
EndGlobal
